
Microsoft Visual Studio Solution File, Format Version 12.00
# Visual Studio Version 16
VisualStudioVersion = 16.0.30523.141
MinimumVisualStudioVersion = 10.0.40219.1
Project("{FAE04EC0-301F-11D3-BF4B-00C04F79EFBC}") = "SocialNetworkAPI", "SocialNetworkAPI\SocialNetworkAPI.csproj", "{FF5F1C7D-B193-4767-A730-2BB5EBFD5290}"
EndProject
Global
	GlobalSection(SolutionConfigurationPlatforms) = preSolution
		Debug|Any CPU = Debug|Any CPU
		Release|Any CPU = Release|Any CPU
	EndGlobalSection
	GlobalSection(ProjectConfigurationPlatforms) = postSolution
		{FF5F1C7D-B193-4767-A730-2BB5EBFD5290}.Debug|Any CPU.ActiveCfg = Debug|Any CPU
		{FF5F1C7D-B193-4767-A730-2BB5EBFD5290}.Debug|Any CPU.Build.0 = Debug|Any CPU
		{FF5F1C7D-B193-4767-A730-2BB5EBFD5290}.Release|Any CPU.ActiveCfg = Release|Any CPU
		{FF5F1C7D-B193-4767-A730-2BB5EBFD5290}.Release|Any CPU.Build.0 = Release|Any CPU
	EndGlobalSection
	GlobalSection(SolutionProperties) = preSolution
		HideSolutionNode = FALSE
	EndGlobalSection
	GlobalSection(ExtensibilityGlobals) = postSolution
		SolutionGuid = {13CAFFFF-E8FE-4D35-90BF-160544771EDD}
	EndGlobalSection
EndGlobal
